
Microsoft Visual Studio Solution File, Format Version 12.00
# Visual Studio Version 17
VisualStudioVersion = 17.2.32630.192
MinimumVisualStudioVersion = 10.0.40219.1
Project("{FAE04EC0-301F-11D3-BF4B-00C04F79EFBC}") = "HavaDurumuAPII", "HavaDurumuAPII\HavaDurumuAPII.csproj", "{89B93D5C-8582-4045-BD55-77F2365769E3}"
EndProject
Global
	GlobalSection(SolutionConfigurationPlatforms) = preSolution
		Debug|Any CPU = Debug|Any CPU
		Release|Any CPU = Release|Any CPU
	EndGlobalSection
	GlobalSection(ProjectConfigurationPlatforms) = postSolution
		{89B93D5C-8582-4045-BD55-77F2365769E3}.Debug|Any CPU.ActiveCfg = Debug|Any CPU
		{89B93D5C-8582-4045-BD55-77F2365769E3}.Debug|Any CPU.Build.0 = Debug|Any CPU
		{89B93D5C-8582-4045-BD55-77F2365769E3}.Release|Any CPU.ActiveCfg = Release|Any CPU
		{89B93D5C-8582-4045-BD55-77F2365769E3}.Release|Any CPU.Build.0 = Release|Any CPU
	EndGlobalSection
	GlobalSection(SolutionProperties) = preSolution
		HideSolutionNode = FALSE
	EndGlobalSection
	GlobalSection(ExtensibilityGlobals) = postSolution
		SolutionGuid = {F9E303E7-A27D-42BA-9EBF-F6767BD291FA}
	EndGlobalSection
EndGlobal
